
Microsoft Visual Studio Solution File, Format Version 12.00
# Visual Studio Version 16
VisualStudioVersion = 16.0.30907.101
MinimumVisualStudioVersion = 10.0.40219.1
Project("{FAE04EC0-301F-11D3-BF4B-00C04F79EFBC}") = "Week1 Exercises", "Week1 Exercises\Week1 Exercises.csproj", "{5DC0E68B-67CB-4C7A-8A2C-436C376FA0EE}"
EndProject
Global
	GlobalSection(SolutionConfigurationPlatforms) = preSolution
		Debug|Any CPU = Debug|Any CPU
		Release|Any CPU = Release|Any CPU
	EndGlobalSection
	GlobalSection(ProjectConfigurationPlatforms) = postSolution
		{5DC0E68B-67CB-4C7A-8A2C-436C376FA0EE}.Debug|Any CPU.ActiveCfg = Debug|Any CPU
		{5DC0E68B-67CB-4C7A-8A2C-436C376FA0EE}.Debug|Any CPU.Build.0 = Debug|Any CPU
		{5DC0E68B-67CB-4C7A-8A2C-436C376FA0EE}.Release|Any CPU.ActiveCfg = Release|Any CPU
		{5DC0E68B-67CB-4C7A-8A2C-436C376FA0EE}.Release|Any CPU.Build.0 = Release|Any CPU
	EndGlobalSection
	GlobalSection(SolutionProperties) = preSolution
		HideSolutionNode = FALSE
	EndGlobalSection
	GlobalSection(ExtensibilityGlobals) = postSolution
		SolutionGuid = {E7B57AFE-5E2D-4937-8A77-23AF1C26B939}
	EndGlobalSection
EndGlobal
